{
  "version": 4,
  "terraform_version": "1.12.2",
  "serial": 88,
  "lineage": "5c3d8250-c3e7-6c4b-26b6-eaf2d3884429",
  "outputs": {},
  "resources": [
    {
      "mode": "managed",
      "type": "aws_vpc",
      "name": "pearlpay",
      "provider": "provider[\"registry.terraform.io/hashicorp/aws\"]",
      "instances": [
        {
          "schema_version": 1,
          "attributes": {
            "arn": "arn:aws:ec2:eu-west-2:387390481270:vpc/vpc-0d55f404ac1c9d1d0",
            "assign_generated_ipv6_cidr_block": false,
            "cidr_block": "10.0.0.0/16",
            "default_network_acl_id": "acl-015120a9d6d20d944",
            "default_route_table_id": "rtb-015c8fd863b9c6415",
            "default_security_group_id": "sg-0c65cc5b9f2229c20",
            "dhcp_options_id": "dopt-0535e249c7cabb72b",
            "enable_dns_hostnames": true,
            "enable_dns_support": true,
            "enable_network_address_usage_metrics": false,
            "id": "vpc-0d55f404ac1c9d1d0",
            "instance_tenancy": "default",
            "ipv4_ipam_pool_id": null,
            "ipv4_netmask_length": null,
            "ipv6_association_id": "",
            "ipv6_cidr_block": "",
            "ipv6_cidr_block_network_border_group": "",
            "ipv6_ipam_pool_id": "",
            "ipv6_netmask_length": 0,
            "main_route_table_id": "rtb-015c8fd863b9c6415",
            "owner_id": "387390481270",
            "tags": {
              "Name": "pearlpay-vpc"
            },
            "tags_all": {
              "Name": "pearlpay-vpc"
            }
          },
          "sensitive_attributes": [],
          "identity_schema_version": 0,
          "private": "eyJzY2hlbWFfdmVyc2lvbiI6IjEifQ=="
        }
      ]
    }
  ],
  "check_results": null
}
